Microsoft Visual Studio Solution File, Format Version 11.00
# Visual Studio 2008

Project("{132B05B7-019E-B545-25DB-870DEBCD8BBE}") = "UnityMediaProject", "Assembly-CSharp-firstpass-vs.csproj", "{FA0E6169-6BF9-175F-8F6C-EEE9E7366646}"
EndProject
Project("{132B05B7-019E-B545-25DB-870DEBCD8BBE}") = "UnityMediaProject", "Assembly-CSharp-vs.csproj", "{D5716F6D-AF10-82BD-F045-E2B5B6184613}"
EndProject
Project("{132B05B7-019E-B545-25DB-870DEBCD8BBE}") = "UnityMediaProject", "Assembly-CSharp-Editor-vs.csproj", "{271B5BAA-0E36-2B44-225A-550CB13A3ECA}"
EndProject
Global
	GlobalSection(SolutionConfigurationPlatforms) = preSolution
		Debug|Any CPU = Debug|Any CPU
		Release|Any CPU = Release|Any CPU
	EndGlobalSection
	GlobalSection(ProjectConfigurationPlatforms) = postSolution
		{FA0E6169-6BF9-175F-8F6C-EEE9E7366646}.Debug|Any CPU.ActiveCfg = Debug|Any CPU
		{FA0E6169-6BF9-175F-8F6C-EEE9E7366646}.Debug|Any CPU.Build.0 = Debug|Any CPU
		{FA0E6169-6BF9-175F-8F6C-EEE9E7366646}.Release|Any CPU.ActiveCfg = Release|Any CPU
		{FA0E6169-6BF9-175F-8F6C-EEE9E7366646}.Release|Any CPU.Build.0 = Release|Any CPU
		{D5716F6D-AF10-82BD-F045-E2B5B6184613}.Debug|Any CPU.ActiveCfg = Debug|Any CPU
		{D5716F6D-AF10-82BD-F045-E2B5B6184613}.Debug|Any CPU.Build.0 = Debug|Any CPU
		{D5716F6D-AF10-82BD-F045-E2B5B6184613}.Release|Any CPU.ActiveCfg = Release|Any CPU
		{D5716F6D-AF10-82BD-F045-E2B5B6184613}.Release|Any CPU.Build.0 = Release|Any CPU
		{271B5BAA-0E36-2B44-225A-550CB13A3ECA}.Debug|Any CPU.ActiveCfg = Debug|Any CPU
		{271B5BAA-0E36-2B44-225A-550CB13A3ECA}.Debug|Any CPU.Build.0 = Debug|Any CPU
		{271B5BAA-0E36-2B44-225A-550CB13A3ECA}.Release|Any CPU.ActiveCfg = Release|Any CPU
		{271B5BAA-0E36-2B44-225A-550CB13A3ECA}.Release|Any CPU.Build.0 = Release|Any CPU
	EndGlobalSection
	GlobalSection(SolutionProperties) = preSolution
		HideSolutionNode = FALSE
	EndGlobalSection
																																																																								GlobalSection(MonoDevelopProperties) = preSolution
		StartupItem = Assembly-CSharp.csproj
		Policies = $0
		$0.TextStylePolicy = $1
		$1.inheritsSet = null
		$1.scope = text/x-csharp
		$0.CSharpFormattingPolicy = $2
		$2.inheritsSet = Mono
		$2.inheritsScope = text/x-csharp
		$2.scope = text/x-csharp
		$0.TextStylePolicy = $3
		$3.FileWidth = 120
		$3.TabWidth = 4
		$3.IndentWidth = 4
		$3.EolMarker = Unix
		$3.inheritsSet = Mono
		$3.inheritsScope = text/plain
		$3.scope = text/plain
	EndGlobalSection

EndGlobal
